<?xml version="1.0" encoding="UTF-8" standalone="yes" ?>
<CodeBlocks_project_file>
	<FileVersion major="1" minor="6" />
	<Project>
		<Option title="MultiNEAT" />
		<Option pch_mode="2" />
		<Option compiler="gcc" />
		<Build>
			<Target title="Debug">
				<Option output="bin/Debug/MultiNEAT" prefix_auto="1" extension_auto="1" />
				<Option object_output="obj/Debug/" />
				<Option type="1" />
				<Option compiler="gcc" />
				<Compiler>
					<Add option="-pg" />
					<Add option="-g" />
					<Add directory="/usr/include/python3.4" />
				</Compiler>
				<Linker>
					<Add option="-pg" />
					<Add library="python3.4m" />
					<Add library="boost_python" />
					<Add library="boost_serialization" />
					<Add library="boost_system" />
				</Linker>
			</Target>
			<Target title="Release">
				<Option output="bin/Release/MultiNEAT" prefix_auto="1" extension_auto="1" />
				<Option object_output="obj/Release/" />
				<Option type="1" />
				<Option compiler="gcc" />
				<Compiler>
					<Add option="-march=corei7-avx" />
					<Add option="-fexpensive-optimizations" />
					<Add option="-O3" />
					<Add directory="/usr/include/python3.4" />
				</Compiler>
				<Linker>
					<Add option="-s" />
					<Add library="python3.4m" />
					<Add library="boost_python" />
					<Add library="boost_system" />
					<Add library="boost_serialization" />
				</Linker>
			</Target>
		</Build>
		<Compiler>
			<Add option="-Wall" />
			<Add option="-fexceptions" />
		</Compiler>
		<Unit filename="src/Assert.h" />
		<Unit filename="src/Genes.h" />
		<Unit filename="src/Genome.cpp" />
		<Unit filename="src/Genome.h" />
		<Unit filename="src/Innovation.cpp" />
		<Unit filename="src/Innovation.h" />
		<Unit filename="src/Main.cpp" />
		<Unit filename="src/NeuralNetwork.cpp" />
		<Unit filename="src/NeuralNetwork.h" />
		<Unit filename="src/Parameters.cpp" />
		<Unit filename="src/Parameters.h" />
		<Unit filename="src/PhenotypeBehavior.cpp" />
		<Unit filename="src/PhenotypeBehavior.h" />
		<Unit filename="src/Population.cpp" />
		<Unit filename="src/Population.h" />
		<Unit filename="src/PythonBindings.cpp" />
		<Unit filename="src/Random.cpp" />
		<Unit filename="src/Random.h" />
		<Unit filename="src/Species.cpp" />
		<Unit filename="src/Species.h" />
		<Unit filename="src/Substrate.cpp" />
		<Unit filename="src/Substrate.h" />
		<Unit filename="src/Utils.cpp" />
		<Unit filename="src/Utils.h" />
		<Extensions>
			<code_completion />
			<envvars />
			<debugger />
			<lib_finder disable_auto="1" />
		</Extensions>
	</Project>
</CodeBlocks_project_file>
